{
  "name": "testbl10",
  "version": "1.0.0",
  "lockfileVersion": 1,
  "requires": true,
  "dependencies": {
    "crc16-itu": {
      "version": "1.0.6",
      "resolved": "https://registry.npmjs.org/crc16-itu/-/crc16-itu-1.0.6.tgz",
      "integrity": "sha1-2MhNyKokTKCKdRaeSbn2v2tYEZg="
    }
  }
}
